
Microsoft Visual Studio Solution File, Format Version 12.00
# Visual Studio 15
VisualStudioVersion = 15.0.27004.2009
MinimumVisualStudioVersion = 10.0.40219.1
Project("{FAE04EC0-301F-11D3-BF4B-00C04F79EFBC}") = "HealthManager.Android", "HealthManager\HealthManager.Android\HealthManager.Android.csproj", "{393E5D18-7051-476A-A04B-4E99B00605F2}"
EndProject
Project("{FAE04EC0-301F-11D3-BF4B-00C04F79EFBC}") = "HealthManager", "HealthManager\HealthManager\HealthManager.csproj", "{16101EC5-FD9D-4295-828C-3DFD5B2BD127}"
EndProject
Project("{FAE04EC0-301F-11D3-BF4B-00C04F79EFBC}") = "HealthManager.iOS", "HealthManager\HealthManager.iOS\HealthManager.iOS.csproj", "{9B1D7CCA-3559-46C9-A6C3-89929DBCB4DD}"
EndProject
Project("{FAE04EC0-301F-11D3-BF4B-00C04F79EFBC}") = "CodeTester", "CodeTester\CodeTester.csproj", "{D5AA939F-37F1-412E-8229-3F7A850DB7E1}"
EndProject
Global
	GlobalSection(SolutionConfigurationPlatforms) = preSolution
		Ad-Hoc|Any CPU = Ad-Hoc|Any CPU
		Ad-Hoc|iPhone = Ad-Hoc|iPhone
		Ad-Hoc|iPhoneSimulator = Ad-Hoc|iPhoneSimulator
		AppStore|Any CPU = AppStore|Any CPU
		AppStore|iPhone = AppStore|iPhone
		AppStore|iPhoneSimulator = AppStore|iPhoneSimulator
		Debug|Any CPU = Debug|Any CPU
		Debug|iPhone = Debug|iPhone
		Debug|iPhoneSimulator = Debug|iPhoneSimulator
		Release|Any CPU = Release|Any CPU
		Release|iPhone = Release|iPhone
		Release|iPhoneSimulator = Release|iPhoneSimulator
	EndGlobalSection
	GlobalSection(ProjectConfigurationPlatforms) = postSolution
		{393E5D18-7051-476A-A04B-4E99B00605F2}.Ad-Hoc|Any CPU.ActiveCfg = Release|Any CPU
		{393E5D18-7051-476A-A04B-4E99B00605F2}.Ad-Hoc|Any CPU.Build.0 = Release|Any CPU
		{393E5D18-7051-476A-A04B-4E99B00605F2}.Ad-Hoc|Any CPU.Deploy.0 = Release|Any CPU
		{393E5D18-7051-476A-A04B-4E99B00605F2}.Ad-Hoc|iPhone.ActiveCfg = Release|Any CPU
		{393E5D18-7051-476A-A04B-4E99B00605F2}.Ad-Hoc|iPhone.Build.0 = Release|Any CPU
		{393E5D18-7051-476A-A04B-4E99B00605F2}.Ad-Hoc|iPhone.Deploy.0 = Release|Any CPU
		{393E5D18-7051-476A-A04B-4E99B00605F2}.Ad-Hoc|iPhoneSimulator.ActiveCfg = Release|Any CPU
		{393E5D18-7051-476A-A04B-4E99B00605F2}.Ad-Hoc|iPhoneSimulator.Build.0 = Release|Any CPU
		{393E5D18-7051-476A-A04B-4E99B00605F2}.Ad-Hoc|iPhoneSimulator.Deploy.0 = Release|Any CPU
		{393E5D18-7051-476A-A04B-4E99B00605F2}.AppStore|Any CPU.ActiveCfg = Release|Any CPU
		{393E5D18-7051-476A-A04B-4E99B00605F2}.AppStore|Any CPU.Build.0 = Release|Any CPU
		{393E5D18-7051-476A-A04B-4E99B00605F2}.AppStore|Any CPU.Deploy.0 = Release|Any CPU
		{393E5D18-7051-476A-A04B-4E99B00605F2}.AppStore|iPhone.ActiveCfg = Release|Any CPU
		{393E5D18-7051-476A-A04B-4E99B00605F2}.AppStore|iPhone.Build.0 = Release|Any CPU
		{393E5D18-7051-476A-A04B-4E99B00605F2}.AppStore|iPhone.Deploy.0 = Release|Any CPU
		{393E5D18-7051-476A-A04B-4E99B00605F2}.AppStore|iPhoneSimulator.ActiveCfg = Release|Any CPU
		{393E5D18-7051-476A-A04B-4E99B00605F2}.AppStore|iPhoneSimulator.Build.0 = Release|Any CPU
		{393E5D18-7051-476A-A04B-4E99B00605F2}.AppStore|iPhoneSimulator.Deploy.0 = Release|Any CPU
		{393E5D18-7051-476A-A04B-4E99B00605F2}.Debug|Any CPU.ActiveCfg = Debug|Any CPU
		{393E5D18-7051-476A-A04B-4E99B00605F2}.Debug|Any CPU.Build.0 = Debug|Any CPU
		{393E5D18-7051-476A-A04B-4E99B00605F2}.Debug|Any CPU.Deploy.0 = Debug|Any CPU
		{393E5D18-7051-476A-A04B-4E99B00605F2}.Debug|iPhone.ActiveCfg = Debug|Any CPU
		{393E5D18-7051-476A-A04B-4E99B00605F2}.Debug|iPhone.Build.0 = Debug|Any CPU
		{393E5D18-7051-476A-A04B-4E99B00605F2}.Debug|iPhone.Deploy.0 = Debug|Any CPU
		{393E5D18-7051-476A-A04B-4E99B00605F2}.Debug|iPhoneSimulator.ActiveCfg = Debug|Any CPU
		{393E5D18-7051-476A-A04B-4E99B00605F2}.Debug|iPhoneSimulator.Build.0 = Debug|Any CPU
		{393E5D18-7051-476A-A04B-4E99B00605F2}.Debug|iPhoneSimulator.Deploy.0 = Debug|Any CPU
		{393E5D18-7051-476A-A04B-4E99B00605F2}.Release|Any CPU.ActiveCfg = Release|Any CPU
		{393E5D18-7051-476A-A04B-4E99B00605F2}.Release|Any CPU.Build.0 = Release|Any CPU
		{393E5D18-7051-476A-A04B-4E99B00605F2}.Release|Any CPU.Deploy.0 = Release|Any CPU
		{393E5D18-7051-476A-A04B-4E99B00605F2}.Release|iPhone.ActiveCfg = Release|Any CPU
		{393E5D18-7051-476A-A04B-4E99B00605F2}.Release|iPhone.Build.0 = Release|Any CPU
		{393E5D18-7051-476A-A04B-4E99B00605F2}.Release|iPhone.Deploy.0 = Release|Any CPU
		{393E5D18-7051-476A-A04B-4E99B00605F2}.Release|iPhoneSimulator.ActiveCfg = Release|Any CPU
		{393E5D18-7051-476A-A04B-4E99B00605F2}.Release|iPhoneSimulator.Build.0 = Release|Any CPU
		{393E5D18-7051-476A-A04B-4E99B00605F2}.Release|iPhoneSimulator.Deploy.0 = Release|Any CPU
		{16101EC5-FD9D-4295-828C-3DFD5B2BD127}.Ad-Hoc|Any CPU.ActiveCfg = Release|Any CPU
		{16101EC5-FD9D-4295-828C-3DFD5B2BD127}.Ad-Hoc|Any CPU.Build.0 = Release|Any CPU
		{16101EC5-FD9D-4295-828C-3DFD5B2BD127}.Ad-Hoc|iPhone.ActiveCfg = Release|Any CPU
		{16101EC5-FD9D-4295-828C-3DFD5B2BD127}.Ad-Hoc|iPhone.Build.0 = Release|Any CPU
		{16101EC5-FD9D-4295-828C-3DFD5B2BD127}.Ad-Hoc|iPhoneSimulator.ActiveCfg = Release|Any CPU
		{16101EC5-FD9D-4295-828C-3DFD5B2BD127}.Ad-Hoc|iPhoneSimulator.Build.0 = Release|Any CPU
		{16101EC5-FD9D-4295-828C-3DFD5B2BD127}.AppStore|Any CPU.ActiveCfg = Release|Any CPU
		{16101EC5-FD9D-4295-828C-3DFD5B2BD127}.AppStore|Any CPU.Build.0 = Release|Any CPU
		{16101EC5-FD9D-4295-828C-3DFD5B2BD127}.AppStore|iPhone.ActiveCfg = Release|Any CPU
		{16101EC5-FD9D-4295-828C-3DFD5B2BD127}.AppStore|iPhone.Build.0 = Release|Any CPU
		{16101EC5-FD9D-4295-828C-3DFD5B2BD127}.AppStore|iPhoneSimulator.ActiveCfg = Release|Any CPU
		{16101EC5-FD9D-4295-828C-3DFD5B2BD127}.AppStore|iPhoneSimulator.Build.0 = Release|Any CPU
		{16101EC5-FD9D-4295-828C-3DFD5B2BD127}.Debug|Any CPU.ActiveCfg = Debug|Any CPU
		{16101EC5-FD9D-4295-828C-3DFD5B2BD127}.Debug|Any CPU.Build.0 = Debug|Any CPU
		{16101EC5-FD9D-4295-828C-3DFD5B2BD127}.Debug|iPhone.ActiveCfg = Debug|Any CPU
		{16101EC5-FD9D-4295-828C-3DFD5B2BD127}.Debug|iPhone.Build.0 = Debug|Any CPU
		{16101EC5-FD9D-4295-828C-3DFD5B2BD127}.Debug|iPhoneSimulator.ActiveCfg = Debug|Any CPU
		{16101EC5-FD9D-4295-828C-3DFD5B2BD127}.Debug|iPhoneSimulator.Build.0 = Debug|Any CPU
		{16101EC5-FD9D-4295-828C-3DFD5B2BD127}.Release|Any CPU.ActiveCfg = Release|Any CPU
		{16101EC5-FD9D-4295-828C-3DFD5B2BD127}.Release|Any CPU.Build.0 = Release|Any CPU
		{16101EC5-FD9D-4295-828C-3DFD5B2BD127}.Release|iPhone.ActiveCfg = Release|Any CPU
		{16101EC5-FD9D-4295-828C-3DFD5B2BD127}.Release|iPhone.Build.0 = Release|Any CPU
		{16101EC5-FD9D-4295-828C-3DFD5B2BD127}.Release|iPhoneSimulator.ActiveCfg = Release|Any CPU
		{16101EC5-FD9D-4295-828C-3DFD5B2BD127}.Release|iPhoneSimulator.Build.0 = Release|Any CPU
		{9B1D7CCA-3559-46C9-A6C3-89929DBCB4DD}.Ad-Hoc|Any CPU.ActiveCfg = Ad-Hoc|iPhone
		{9B1D7CCA-3559-46C9-A6C3-89929DBCB4DD}.Ad-Hoc|iPhone.ActiveCfg = Ad-Hoc|iPhone
		{9B1D7CCA-3559-46C9-A6C3-89929DBCB4DD}.Ad-Hoc|iPhone.Build.0 = Ad-Hoc|iPhone
		{9B1D7CCA-3559-46C9-A6C3-89929DBCB4DD}.Ad-Hoc|iPhoneSimulator.ActiveCfg = Ad-Hoc|iPhoneSimulator
		{9B1D7CCA-3559-46C9-A6C3-89929DBCB4DD}.Ad-Hoc|iPhoneSimulator.Build.0 = Ad-Hoc|iPhoneSimulator
		{9B1D7CCA-3559-46C9-A6C3-89929DBCB4DD}.AppStore|Any CPU.ActiveCfg = AppStore|iPhone
		{9B1D7CCA-3559-46C9-A6C3-89929DBCB4DD}.AppStore|iPhone.ActiveCfg = AppStore|iPhone
		{9B1D7CCA-3559-46C9-A6C3-89929DBCB4DD}.AppStore|iPhone.Build.0 = AppStore|iPhone
		{9B1D7CCA-3559-46C9-A6C3-89929DBCB4DD}.AppStore|iPhoneSimulator.ActiveCfg = AppStore|iPhoneSimulator
		{9B1D7CCA-3559-46C9-A6C3-89929DBCB4DD}.AppStore|iPhoneSimulator.Build.0 = AppStore|iPhoneSimulator
		{9B1D7CCA-3559-46C9-A6C3-89929DBCB4DD}.Debug|Any CPU.ActiveCfg = Debug|iPhone
		{9B1D7CCA-3559-46C9-A6C3-89929DBCB4DD}.Debug|Any CPU.Build.0 = Debug|iPhone
		{9B1D7CCA-3559-46C9-A6C3-89929DBCB4DD}.Debug|iPhone.ActiveCfg = Debug|iPhone
		{9B1D7CCA-3559-46C9-A6C3-89929DBCB4DD}.Debug|iPhone.Build.0 = Debug|iPhone
		{9B1D7CCA-3559-46C9-A6C3-89929DBCB4DD}.Debug|iPhoneSimulator.ActiveCfg = Debug|iPhoneSimulator
		{9B1D7CCA-3559-46C9-A6C3-89929DBCB4DD}.Debug|iPhoneSimulator.Build.0 = Debug|iPhoneSimulator
		{9B1D7CCA-3559-46C9-A6C3-89929DBCB4DD}.Release|Any CPU.ActiveCfg = Release|iPhone
		{9B1D7CCA-3559-46C9-A6C3-89929DBCB4DD}.Release|iPhone.ActiveCfg = Release|iPhone
		{9B1D7CCA-3559-46C9-A6C3-89929DBCB4DD}.Release|iPhone.Build.0 = Release|iPhone
		{9B1D7CCA-3559-46C9-A6C3-89929DBCB4DD}.Release|iPhoneSimulator.ActiveCfg = Release|iPhoneSimulator
		{9B1D7CCA-3559-46C9-A6C3-89929DBCB4DD}.Release|iPhoneSimulator.Build.0 = Release|iPhoneSimulator
		{D5AA939F-37F1-412E-8229-3F7A850DB7E1}.Ad-Hoc|Any CPU.ActiveCfg = Release|Any CPU
		{D5AA939F-37F1-412E-8229-3F7A850DB7E1}.Ad-Hoc|Any CPU.Build.0 = Release|Any CPU
		{D5AA939F-37F1-412E-8229-3F7A850DB7E1}.Ad-Hoc|iPhone.ActiveCfg = Release|Any CPU
		{D5AA939F-37F1-412E-8229-3F7A850DB7E1}.Ad-Hoc|iPhone.Build.0 = Release|Any CPU
		{D5AA939F-37F1-412E-8229-3F7A850DB7E1}.Ad-Hoc|iPhoneSimulator.ActiveCfg = Release|Any CPU
		{D5AA939F-37F1-412E-8229-3F7A850DB7E1}.Ad-Hoc|iPhoneSimulator.Build.0 = Release|Any CPU
		{D5AA939F-37F1-412E-8229-3F7A850DB7E1}.AppStore|Any CPU.ActiveCfg = Release|Any CPU
		{D5AA939F-37F1-412E-8229-3F7A850DB7E1}.AppStore|Any CPU.Build.0 = Release|Any CPU
		{D5AA939F-37F1-412E-8229-3F7A850DB7E1}.AppStore|iPhone.ActiveCfg = Release|Any CPU
		{D5AA939F-37F1-412E-8229-3F7A850DB7E1}.AppStore|iPhone.Build.0 = Release|Any CPU
		{D5AA939F-37F1-412E-8229-3F7A850DB7E1}.AppStore|iPhoneSimulator.ActiveCfg = Release|Any CPU
		{D5AA939F-37F1-412E-8229-3F7A850DB7E1}.AppStore|iPhoneSimulator.Build.0 = Release|Any CPU
		{D5AA939F-37F1-412E-8229-3F7A850DB7E1}.Debug|Any CPU.ActiveCfg = Debug|Any CPU
		{D5AA939F-37F1-412E-8229-3F7A850DB7E1}.Debug|Any CPU.Build.0 = Debug|Any CPU
		{D5AA939F-37F1-412E-8229-3F7A850DB7E1}.Debug|iPhone.ActiveCfg = Debug|Any CPU
		{D5AA939F-37F1-412E-8229-3F7A850DB7E1}.Debug|iPhone.Build.0 = Debug|Any CPU
		{D5AA939F-37F1-412E-8229-3F7A850DB7E1}.Debug|iPhoneSimulator.ActiveCfg = Debug|Any CPU
		{D5AA939F-37F1-412E-8229-3F7A850DB7E1}.Debug|iPhoneSimulator.Build.0 = Debug|Any CPU
		{D5AA939F-37F1-412E-8229-3F7A850DB7E1}.Release|Any CPU.ActiveCfg = Release|Any CPU
		{D5AA939F-37F1-412E-8229-3F7A850DB7E1}.Release|Any CPU.Build.0 = Release|Any CPU
		{D5AA939F-37F1-412E-8229-3F7A850DB7E1}.Release|iPhone.ActiveCfg = Release|Any CPU
		{D5AA939F-37F1-412E-8229-3F7A850DB7E1}.Release|iPhone.Build.0 = Release|Any CPU
		{D5AA939F-37F1-412E-8229-3F7A850DB7E1}.Release|iPhoneSimulator.ActiveCfg = Release|Any CPU
		{D5AA939F-37F1-412E-8229-3F7A850DB7E1}.Release|iPhoneSimulator.Build.0 = Release|Any CPU
	EndGlobalSection
	GlobalSection(SolutionProperties) = preSolution
		HideSolutionNode = FALSE
	EndGlobalSection
	GlobalSection(ExtensibilityGlobals) = postSolution
		SolutionGuid = {D089FE66-FF1F-4114-BD0A-9326BF10D450}
	EndGlobalSection
EndGlobal
